Microsoft Visual Studio Solution File, Format Version 12.00
# Visual Studio 2012
Project("{FAE04EC0-301F-11D3-BF4B-00C04F79EFBC}") = "PolarLineScatterSeries", "PolarLineScatterSeries\PolarLineScatterSeries.csproj", "{5557C7A1-1687-4F71-B694-8AA02E7897C2}"
EndProject
Global
	GlobalSection(SolutionConfigurationPlatforms) = preSolution
		Debug|Any CPU = Debug|Any CPU
		Release|Any CPU = Release|Any CPU
	EndGlobalSection
	GlobalSection(ProjectConfigurationPlatforms) = postSolution
		{5557C7A1-1687-4F71-B694-8AA02E7897C2}.Debug|Any CPU.ActiveCfg = Debug|Any CPU
		{5557C7A1-1687-4F71-B694-8AA02E7897C2}.Debug|Any CPU.Build.0 = Debug|Any CPU
		{5557C7A1-1687-4F71-B694-8AA02E7897C2}.Release|Any CPU.ActiveCfg = Release|Any CPU
		{5557C7A1-1687-4F71-B694-8AA02E7897C2}.Release|Any CPU.Build.0 = Release|Any CPU
	EndGlobalSection
	GlobalSection(SolutionProperties) = preSolution
		HideSolutionNode = FALSE
	EndGlobalSection
EndGlobal
